
Microsoft Visual Studio Solution File, Format Version 12.00
# Visual Studio Version 17
VisualStudioVersion = 17.4.33110.190
MinimumVisualStudioVersion = 10.0.40219.1
Project("{FAE04EC0-301F-11D3-BF4B-00C04F79EFBC}") = "Passord", "Passord\Passord.csproj", "{1C3DC12C-274B-4342-8F17-989479889101}"
EndProject
Global
	GlobalSection(SolutionConfigurationPlatforms) = preSolution
		Debug|Any CPU = Debug|Any CPU
		Release|Any CPU = Release|Any CPU
	EndGlobalSection
	GlobalSection(ProjectConfigurationPlatforms) = postSolution
		{1C3DC12C-274B-4342-8F17-989479889101}.Debug|Any CPU.ActiveCfg = Debug|Any CPU
		{1C3DC12C-274B-4342-8F17-989479889101}.Debug|Any CPU.Build.0 = Debug|Any CPU
		{1C3DC12C-274B-4342-8F17-989479889101}.Release|Any CPU.ActiveCfg = Release|Any CPU
		{1C3DC12C-274B-4342-8F17-989479889101}.Release|Any CPU.Build.0 = Release|Any CPU
	EndGlobalSection
	GlobalSection(SolutionProperties) = preSolution
		HideSolutionNode = FALSE
	EndGlobalSection
	GlobalSection(ExtensibilityGlobals) = postSolution
		SolutionGuid = {49C32817-D894-407F-8960-602A45D87618}
	EndGlobalSection
EndGlobal
